
Microsoft Visual Studio Solution File, Format Version 12.00
# Visual Studio Version 16
VisualStudioVersion = 16.0.29519.87
MinimumVisualStudioVersion = 10.0.40219.1
Project("{FAE04EC0-301F-11D3-BF4B-00C04F79EFBC}") = "进程调度", "进程调度.csproj", "{C684ABBC-8C36-4DD4-9DBF-DD6A6DD5544E}"
EndProject
Global
	GlobalSection(SolutionConfigurationPlatforms) = preSolution
		Debug|Any CPU = Debug|Any CPU
		Release|Any CPU = Release|Any CPU
	EndGlobalSection
	GlobalSection(ProjectConfigurationPlatforms) = postSolution
		{C684ABBC-8C36-4DD4-9DBF-DD6A6DD5544E}.Debug|Any CPU.ActiveCfg = Debug|Any CPU
		{C684ABBC-8C36-4DD4-9DBF-DD6A6DD5544E}.Debug|Any CPU.Build.0 = Debug|Any CPU
		{C684ABBC-8C36-4DD4-9DBF-DD6A6DD5544E}.Release|Any CPU.ActiveCfg = Release|Any CPU
		{C684ABBC-8C36-4DD4-9DBF-DD6A6DD5544E}.Release|Any CPU.Build.0 = Release|Any CPU
	EndGlobalSection
	GlobalSection(SolutionProperties) = preSolution
		HideSolutionNode = FALSE
	EndGlobalSection
	GlobalSection(ExtensibilityGlobals) = postSolution
		SolutionGuid = {62A01AAA-4D01-49F3-B3A8-7AE044D0A264}
	EndGlobalSection
EndGlobal
